// !$*UTF8*$!
{
	archiveVersion = 1;
	classes = {
	};
	objectVersion = 55;
	objects = {

/* Begin PBXBuildFile section */
		1F2CAE0D7D6DB46624EEB28B /* Pods_DeliveryApp.framework in Frameworks */ = {isa = PBXBuildFile; fileRef = 115C674481FB7FF103A473CC /* Pods_DeliveryApp.framework */; };
		B26CE9992724048400B1F89F /* AppDelegate.swift in Sources */ = {isa = PBXBuildFile; fileRef = B26CE9982724048400B1F89F /* AppDelegate.swift */; };
		B26CE99B2724048400B1F89F /* SceneDelegate.swift in Sources */ = {isa = PBXBuildFile; fileRef = B26CE99A2724048400B1F89F /* SceneDelegate.swift */; };
		B26CE9A22724048600B1F89F /* Assets.xcassets in Resources */ = {isa = PBXBuildFile; fileRef = B26CE9A12724048600B1F89F /* Assets.xcassets */; };
		B26CE9A52724048600B1F89F /* LaunchScreen.storyboard in Resources */ = {isa = PBXBuildFile; fileRef = B26CE9A32724048600B1F89F /* LaunchScreen.storyboard */; };
		B26CE9B32724057B00B1F89F /* WebServiceConfig.swift in Sources */ = {isa = PBXBuildFile; fileRef = B26CE9B22724057B00B1F89F /* WebServiceConfig.swift */; };
		B26CE9B52724058B00B1F89F /* WebServiceConstants.swift in Sources */ = {isa = PBXBuildFile; fileRef = B26CE9B42724058B00B1F89F /* WebServiceConstants.swift */; };
		B26CE9B72724059900B1F89F /* WebServiceHelper.swift in Sources */ = {isa = PBXBuildFile; fileRef = B26CE9B62724059900B1F89F /* WebServiceHelper.swift */; };
		B26CE9BA272405D900B1F89F /* JSONResponseDecoder.swift in Sources */ = {isa = PBXBuildFile; fileRef = B26CE9B9272405D900B1F89F /* JSONResponseDecoder.swift */; };
		B26CE9CE2724073F00B1F89F /* HomeSceneView.storyboard in Resources */ = {isa = PBXBuildFile; fileRef = B26CE9CD2724073F00B1F89F /* HomeSceneView.storyboard */; };
		B26CE9E1272408CA00B1F89F /* HomeScenePresenter.swift in Sources */ = {isa = PBXBuildFile; fileRef = B26CE9DB272408CA00B1F89F /* HomeScenePresenter.swift */; };
		B26CE9E2272408CA00B1F89F /* HomeSceneWorker.swift in Sources */ = {isa = PBXBuildFile; fileRef = B26CE9DC272408CA00B1F89F /* HomeSceneWorker.swift */; };
		B26CE9E3272408CA00B1F89F /* HomeSceneRouter.swift in Sources */ = {isa = PBXBuildFile; fileRef = B26CE9DD272408CA00B1F89F /* HomeSceneRouter.swift */; };
		B26CE9E4272408CA00B1F89F /* HomeSceneViewController.swift in Sources */ = {isa = PBXBuildFile; fileRef = B26CE9DE272408CA00B1F89F /* HomeSceneViewController.swift */; };
		B26CE9E5272408CA00B1F89F /* HomeSceneInteractor.swift in Sources */ = {isa = PBXBuildFile; fileRef = B26CE9DF272408CA00B1F89F /* HomeSceneInteractor.swift */; };
		B26CE9E6272408CA00B1F89F /* HomeSceneModel.swift in Sources */ = {isa = PBXBuildFile; fileRef = B26CE9E0272408CA00B1F89F /* HomeSceneModel.swift */; };
		B26CE9ED2724090A00B1F89F /* MenuScenePresenter.swift in Sources */ = {isa = PBXBuildFile; fileRef = B26CE9E72724090A00B1F89F /* MenuScenePresenter.swift */; };
		B26CE9EE2724090A00B1F89F /* MenuSceneWorker.swift in Sources */ = {isa = PBXBuildFile; fileRef = B26CE9E82724090A00B1F89F /* MenuSceneWorker.swift */; };
		B26CE9EF2724090A00B1F89F /* MenuSceneRouter.swift in Sources */ = {isa = PBXBuildFile; fileRef = B26CE9E92724090A00B1F89F /* MenuSceneRouter.swift */; };
		B26CE9F02724090A00B1F89F /* MenuSceneViewController.swift in Sources */ = {isa = PBXBuildFile; fileRef = B26CE9EA2724090A00B1F89F /* MenuSceneViewController.swift */; };
		B26CE9F12724090A00B1F89F /* MenuSceneInteractor.swift in Sources */ = {isa = PBXBuildFile; fileRef = B26CE9EB2724090A00B1F89F /* MenuSceneInteractor.swift */; };
		B26CE9F42724091E00B1F89F /* MenuSceneView.storyboard in Resources */ = {isa = PBXBuildFile; fileRef = B26CE9F32724091D00B1F89F /* MenuSceneView.storyboard */; };
		B26CE9F82724095800B1F89F /* offers.json in Resources */ = {isa = PBXBuildFile; fileRef = B26CE9F62724095800B1F89F /* offers.json */; };
		B26CE9F92724095800B1F89F /* menu.json in Resources */ = {isa = PBXBuildFile; fileRef = B26CE9F72724095800B1F89F /* menu.json */; };
		B26CEA012724125D00B1F89F /* ImageCollectionViewCell.swift in Sources */ = {isa = PBXBuildFile; fileRef = B26CE9FF2724125D00B1F89F /* ImageCollectionViewCell.swift */; };
		B26CEA022724125D00B1F89F /* ImageCollectionViewCell.xib in Resources */ = {isa = PBXBuildFile; fileRef = B26CEA002724125D00B1F89F /* ImageCollectionViewCell.xib */; };
		B26CEA0D272417A100B1F89F /* MenuItemTableViewCell.swift in Sources */ = {isa = PBXBuildFile; fileRef = B26CEA0B272417A100B1F89F /* MenuItemTableViewCell.swift */; };
		B26CEA0E272417A100B1F89F /* MenuItemTableViewCell.xib in Resources */ = {isa = PBXBuildFile; fileRef = B26CEA0C272417A100B1F89F /* MenuItemTableViewCell.xib */; };
		B26CEA11272417BD00B1F89F /* TableViewCollectionViewCell.swift in Sources */ = {isa = PBXBuildFile; fileRef = B26CEA0F272417BD00B1F89F /* TableViewCollectionViewCell.swift */; };
		B26CEA12272417BD00B1F89F /* TableViewCollectionViewCell.xib in Resources */ = {isa = PBXBuildFile; fileRef = B26CEA10272417BD00B1F89F /* TableViewCollectionViewCell.xib */; };
		B29F116A27280A340090492F /* Colors.xcassets in Resources */ = {isa = PBXBuildFile; fileRef = B29F116927280A340090492F /* Colors.xcassets */; };
		B29F116C27280A8E0090492F /* UIColor+Extension.swift in Sources */ = {isa = PBXBuildFile; fileRef = B29F116B27280A8E0090492F /* UIColor+Extension.swift */; };
		B2B6EA78272572C600354833 /* CartScenePresenter.swift in Sources */ = {isa = PBXBuildFile; fileRef = B2B6EA72272572C600354833 /* CartScenePresenter.swift */; };
		B2B6EA7B272572C600354833 /* CartSceneViewController.swift in Sources */ = {isa = PBXBuildFile; fileRef = B2B6EA75272572C600354833 /* CartSceneViewController.swift */; };
		B2B6EA7C272572C600354833 /* CartSceneInteractor.swift in Sources */ = {isa = PBXBuildFile; fileRef = B2B6EA76272572C600354833 /* CartSceneInteractor.swift */; };
		B2B6EA7F272572E300354833 /* CartSceneView.storyboard in Resources */ = {isa = PBXBuildFile; fileRef = B2B6EA7E272572E300354833 /* CartSceneView.storyboard */; };
		B2B6EA832725758E00354833 /* CartItemTableViewCell.swift in Sources */ = {isa = PBXBuildFile; fileRef = B2B6EA812725758E00354833 /* CartItemTableViewCell.swift */; };
		B2B6EA842725758E00354833 /* CartItemTableViewCell.xib in Resources */ = {isa = PBXBuildFile; fileRef = B2B6EA822725758E00354833 /* CartItemTableViewCell.xib */; };
		B2B6EA882725791C00354833 /* TotalPriceTableViewCell.swift in Sources */ = {isa = PBXBuildFile; fileRef = B2B6EA862725791C00354833 /* TotalPriceTableViewCell.swift */; };
		B2B6EA892725791C00354833 /* TotalPriceTableViewCell.xib in Resources */ = {isa = PBXBuildFile; fileRef = B2B6EA872725791C00354833 /* TotalPriceTableViewCell.xib */; };
		B2B6EA942725A0A700354833 /* FloatingButton.swift in Sources */ = {isa = PBXBuildFile; fileRef = B2B6EA932725A0A700354833 /* FloatingButton.swift */; };
		B2B6EA992725CD4700354833 /* ImageOffer.swift in Sources */ = {isa = PBXBuildFile; fileRef = B2B6EA982725CD4700354833 /* ImageOffer.swift */; };
		B2B6EAA82725F3CB00354833 /* Menu.swift in Sources */ = {isa = PBXBuildFile; fileRef = B2B6EAA72725F3CB00354833 /* Menu.swift */; };
		B2DBA6692727130E001D9EE5 /* MenuSceneModel.swift in Sources */ = {isa = PBXBuildFile; fileRef = B2DBA6682727130E001D9EE5 /* MenuSceneModel.swift */; };
		B2FCCD8D272477EC005FDF7F /* UIControl+Extension.swift in Sources */ = {isa = PBXBuildFile; fileRef = B2FCCD8C272477EC005FDF7F /* UIControl+Extension.swift */; };
/* End PBXBuildFile section */

/* Begin PBXFileReference section */
		0D6529A513ED7065D919F168 /* Pods-DeliveryApp.release.xcconfig */ = {isa = PBXFileReference; includeInIndex = 1; lastKnownFileType = text.xcconfig; name = "Pods-DeliveryApp.release.xcconfig"; path = "Target Support Files/Pods-DeliveryApp/Pods-DeliveryApp.release.xcconfig"; sourceTree = "<group>"; };
		115C674481FB7FF103A473CC /* Pods_DeliveryApp.framework */ = {isa = PBXFileReference; explicitFileType = wrapper.framework; includeInIndex = 0; path = Pods_DeliveryApp.framework; sourceTree = BUILT_PRODUCTS_DIR; };
		96780D45D43527DD2519F03D /* Pods-DeliveryApp.debug.xcconfig */ = {isa = PBXFileReference; includeInIndex = 1; lastKnownFileType = text.xcconfig; name = "Pods-DeliveryApp.debug.xcconfig"; path = "Target Support Files/Pods-DeliveryApp/Pods-DeliveryApp.debug.xcconfig"; sourceTree = "<group>"; };
		B26CE9952724048400B1F89F /* DeliveryApp.app */ = {isa = PBXFileReference; explicitFileType = wrapper.application; includeInIndex = 0; path = DeliveryApp.app; sourceTree = BUILT_PRODUCTS_DIR; };
		B26CE9982724048400B1F89F /* AppDelegate.swift */ = {isa = PBXFileReference; lastKnownFileType = sourcecode.swift; path = AppDelegate.swift; sourceTree = "<group>"; };
		B26CE99A2724048400B1F89F /* SceneDelegate.swift */ = {isa = PBXFileReference; lastKnownFileType = sourcecode.swift; path = SceneDelegate.swift; sourceTree = "<group>"; };
		B26CE9A12724048600B1F89F /* Assets.xcassets */ = {isa = PBXFileReference; lastKnownFileType = folder.assetcatalog; path = Assets.xcassets; sourceTree = "<group>"; };
		B26CE9A42724048600B1F89F /* Base */ = {isa = PBXFileReference; lastKnownFileType = file.storyboard; name = Base; path = Base.lproj/LaunchScreen.storyboard; sourceTree = "<group>"; };
		B26CE9A62724048600B1F89F /* Info.plist */ = {isa = PBXFileReference; lastKnownFileType = text.plist.xml; path = Info.plist; sourceTree = "<group>"; };
		B26CE9B22724057B00B1F89F /* WebServiceConfig.swift */ = {isa = PBXFileReference; lastKnownFileType = sourcecode.swift; path = WebServiceConfig.swift; sourceTree = "<group>"; };
		B26CE9B42724058B00B1F89F /* WebServiceConstants.swift */ = {isa = PBXFileReference; lastKnownFileType = sourcecode.swift; path = WebServiceConstants.swift; sourceTree = "<group>"; };
		B26CE9B62724059900B1F89F /* WebServiceHelper.swift */ = {isa = PBXFileReference; lastKnownFileType = sourcecode.swift; path = WebServiceHelper.swift; sourceTree = "<group>"; };
		B26CE9B9272405D900B1F89F /* JSONResponseDecoder.swift */ = {isa = PBXFileReference; lastKnownFileType = sourcecode.swift; path = JSONResponseDecoder.swift; sourceTree = "<group>"; };
		B26CE9CD2724073F00B1F89F /* HomeSceneView.storyboard */ = {isa = PBXFileReference; lastKnownFileType = file.storyboard; path = HomeSceneView.storyboard; sourceTree = "<group>"; };
		B26CE9DB272408CA00B1F89F /* HomeScenePresenter.swift */ = {isa = PBXFileReference; lastKnownFileType = sourcecode.swift; path = HomeScenePresenter.swift; sourceTree = "<group>"; };
		B26CE9DC272408CA00B1F89F /* HomeSceneWorker.swift */ = {isa = PBXFileReference; lastKnownFileType = sourcecode.swift; path = HomeSceneWorker.swift; sourceTree = "<group>"; };
		B26CE9DD272408CA00B1F89F /* HomeSceneRouter.swift */ = {isa = PBXFileReference; lastKnownFileType = sourcecode.swift; path = HomeSceneRouter.swift; sourceTree = "<group>"; };
		B26CE9DE272408CA00B1F89F /* HomeSceneViewController.swift */ = {isa = PBXFileReference; lastKnownFileType = sourcecode.swift; path = HomeSceneViewController.swift; sourceTree = "<group>"; };
		B26CE9DF272408CA00B1F89F /* HomeSceneInteractor.swift */ = {isa = PBXFileReference; lastKnownFileType = sourcecode.swift; path = HomeSceneInteractor.swift; sourceTree = "<group>"; };
		B26CE9E0272408CA00B1F89F /* HomeSceneModel.swift */ = {isa = PBXFileReference; lastKnownFileType = sourcecode.swift; path = HomeSceneModel.swift; sourceTree = "<group>"; };
		B26CE9E72724090A00B1F89F /* MenuScenePresenter.swift */ = {isa = PBXFileReference; lastKnownFileType = sourcecode.swift; path = MenuScenePresenter.swift; sourceTree = "<group>"; };
		B26CE9E82724090A00B1F89F /* MenuSceneWorker.swift */ = {isa = PBXFileReference; lastKnownFileType = sourcecode.swift; path = MenuSceneWorker.swift; sourceTree = "<group>"; };
		B26CE9E92724090A00B1F89F /* MenuSceneRouter.swift */ = {isa = PBXFileReference; lastKnownFileType = sourcecode.swift; path = MenuSceneRouter.swift; sourceTree = "<group>"; };
		B26CE9EA2724090A00B1F89F /* MenuSceneViewController.swift */ = {isa = PBXFileReference; lastKnownFileType = sourcecode.swift; path = MenuSceneViewController.swift; sourceTree = "<group>"; };
		B26CE9EB2724090A00B1F89F /* MenuSceneInteractor.swift */ = {isa = PBXFileReference; lastKnownFileType = sourcecode.swift; path = MenuSceneInteractor.swift; sourceTree = "<group>"; };
		B26CE9F32724091D00B1F89F /* MenuSceneView.storyboard */ = {isa = PBXFileReference; lastKnownFileType = file.storyboard; path = MenuSceneView.storyboard; sourceTree = "<group>"; };
		B26CE9F62724095800B1F89F /* offers.json */ = {isa = PBXFileReference; fileEncoding = 4; lastKnownFileType = text.json; path = offers.json; sourceTree = "<group>"; };
		B26CE9F72724095800B1F89F /* menu.json */ = {isa = PBXFileReference; fileEncoding = 4; lastKnownFileType = text.json; path = menu.json; sourceTree = "<group>"; };
		B26CE9FF2724125D00B1F89F /* ImageCollectionViewCell.swift */ = {isa = PBXFileReference; lastKnownFileType = sourcecode.swift; path = ImageCollectionViewCell.swift; sourceTree = "<group>"; };
		B26CEA002724125D00B1F89F /* ImageCollectionViewCell.xib */ = {isa = PBXFileReference; lastKnownFileType = file.xib; path = ImageCollectionViewCell.xib; sourceTree = "<group>"; };
		B26CEA0B272417A100B1F89F /* MenuItemTableViewCell.swift */ = {isa = PBXFileReference; lastKnownFileType = sourcecode.swift; path = MenuItemTableViewCell.swift; sourceTree = "<group>"; };
		B26CEA0C272417A100B1F89F /* MenuItemTableViewCell.xib */ = {isa = PBXFileReference; lastKnownFileType = file.xib; path = MenuItemTableViewCell.xib; sourceTree = "<group>"; };
		B26CEA0F272417BD00B1F89F /* TableViewCollectionViewCell.swift */ = {isa = PBXFileReference; lastKnownFileType = sourcecode.swift; path = TableViewCollectionViewCell.swift; sourceTree = "<group>"; };
		B26CEA10272417BD00B1F89F /* TableViewCollectionViewCell.xib */ = {isa = PBXFileReference; lastKnownFileType = file.xib; path = TableViewCollectionViewCell.xib; sourceTree = "<group>"; };
		B29F116927280A340090492F /* Colors.xcassets */ = {isa = PBXFileReference; lastKnownFileType = folder.assetcatalog; path = Colors.xcassets; sourceTree = "<group>"; };
		B29F116B27280A8E0090492F /* UIColor+Extension.swift */ = {isa = PBXFileReference; lastKnownFileType = sourcecode.swift; path = "UIColor+Extension.swift"; sourceTree = "<group>"; };
		B2B6EA72272572C600354833 /* CartScenePresenter.swift */ = {isa = PBXFileReference; lastKnownFileType = sourcecode.swift; path = CartScenePresenter.swift; sourceTree = "<group>"; };
		B2B6EA75272572C600354833 /* CartSceneViewController.swift */ = {isa = PBXFileReference; lastKnownFileType = sourcecode.swift; path = CartSceneViewController.swift; sourceTree = "<group>"; };
		B2B6EA76272572C600354833 /* CartSceneInteractor.swift */ = {isa = PBXFileReference; lastKnownFileType = sourcecode.swift; path = CartSceneInteractor.swift; sourceTree = "<group>"; };
		B2B6EA7E272572E300354833 /* CartSceneView.storyboard */ = {isa = PBXFileReference; lastKnownFileType = file.storyboard; path = CartSceneView.storyboard; sourceTree = "<group>"; };
		B2B6EA812725758E00354833 /* CartItemTableViewCell.swift */ = {isa = PBXFileReference; lastKnownFileType = sourcecode.swift; path = CartItemTableViewCell.swift; sourceTree = "<group>"; };
		B2B6EA822725758E00354833 /* CartItemTableViewCell.xib */ = {isa = PBXFileReference; lastKnownFileType = file.xib; path = CartItemTableViewCell.xib; sourceTree = "<group>"; };
		B2B6EA862725791C00354833 /* TotalPriceTableViewCell.swift */ = {isa = PBXFileReference; lastKnownFileType = sourcecode.swift; path = TotalPriceTableViewCell.swift; sourceTree = "<group>"; };
		B2B6EA872725791C00354833 /* TotalPriceTableViewCell.xib */ = {isa = PBXFileReference; lastKnownFileType = file.xib; path = TotalPriceTableViewCell.xib; sourceTree = "<group>"; };
		B2B6EA932725A0A700354833 /* FloatingButton.swift */ = {isa = PBXFileReference; lastKnownFileType = sourcecode.swift; path = FloatingButton.swift; sourceTree = "<group>"; };
		B2B6EA982725CD4700354833 /* ImageOffer.swift */ = {isa = PBXFileReference; lastKnownFileType = sourcecode.swift; path = ImageOffer.swift; sourceTree = "<group>"; };
		B2B6EAA72725F3CB00354833 /* Menu.swift */ = {isa = PBXFileReference; lastKnownFileType = sourcecode.swift; path = Menu.swift; sourceTree = "<group>"; };
		B2DBA6682727130E001D9EE5 /* MenuSceneModel.swift */ = {isa = PBXFileReference; lastKnownFileType = sourcecode.swift; path = MenuSceneModel.swift; sourceTree = "<group>"; };
		B2FCCD8C272477EC005FDF7F /* UIControl+Extension.swift */ = {isa = PBXFileReference; lastKnownFileType = sourcecode.swift; path = "UIControl+Extension.swift"; sourceTree = "<group>"; };
/* End PBXFileReference section */

/* Begin PBXFrameworksBuildPhase section */
		B26CE9922724048400B1F89F /* Frameworks */ = {
			isa = PBXFrameworksBuildPhase;
			buildActionMask = 2147483647;
			files = (
				1F2CAE0D7D6DB46624EEB28B /* Pods_DeliveryApp.framework in Frameworks */,
			);
			runOnlyForDeploymentPostprocessing = 0;
		};
/* End PBXFrameworksBuildPhase section */

/* Begin PBXGroup section */
		445B8D4D6D2B5CD1003C5EA6 /* Frameworks */ = {
			isa = PBXGroup;
			children = (
				115C674481FB7FF103A473CC /* Pods_DeliveryApp.framework */,
			);
			name = Frameworks;
			sourceTree = "<group>";
		};
		B26CE98C2724048400B1F89F = {
			isa = PBXGroup;
			children = (
				B26CE9972724048400B1F89F /* DeliveryApp */,
				B26CE9962724048400B1F89F /* Products */,
				F699E0C6E4A91ACFCE5B56A3 /* Pods */,
				445B8D4D6D2B5CD1003C5EA6 /* Frameworks */,
			);
			sourceTree = "<group>";
		};
		B26CE9962724048400B1F89F /* Products */ = {
			isa = PBXGroup;
			children = (
				B26CE9952724048400B1F89F /* DeliveryApp.app */,
			);
			name = Products;
			sourceTree = "<group>";
		};
		B26CE9972724048400B1F89F /* DeliveryApp */ = {
			isa = PBXGroup;
			children = (
				B26CE9AC272404A600B1F89F /* Application Layer */,
				B26CE9AD272404B700B1F89F /* Presentation Layer */,
				B26CE9AE272404C100B1F89F /* BusinessLogic Layer */,
				B26CE9AF272404D700B1F89F /* Supporting Files */,
			);
			path = DeliveryApp;
			sourceTree = "<group>";
		};
		B26CE9AC272404A600B1F89F /* Application Layer */ = {
			isa = PBXGroup;
			children = (
				B26CE9982724048400B1F89F /* AppDelegate.swift */,
				B26CE99A2724048400B1F89F /* SceneDelegate.swift */,
			);
			path = "Application Layer";
			sourceTree = "<group>";
		};
		B26CE9AD272404B700B1F89F /* Presentation Layer */ = {
			isa = PBXGroup;
			children = (
				B2B6EA952725BA2B00354833 /* Models */,
				B26CE9BB2724065700B1F89F /* Scenes */,
			);
			path = "Presentation Layer";
			sourceTree = "<group>";
		};
		B26CE9AE272404C100B1F89F /* BusinessLogic Layer */ = {
			isa = PBXGroup;
			children = (
				B26CE9B02724053E00B1F89F /* Network Layer */,
			);
			path = "BusinessLogic Layer";
			sourceTree = "<group>";
		};
		B26CE9AF272404D700B1F89F /* Supporting Files */ = {
			isa = PBXGroup;
			children = (
				B2FCCD8B272477D6005FDF7F /* Extensions */,
				B26CE9FD27240A9500B1F89F /* Reusable Views */,
				B26CE9F52724093800B1F89F /* Mock Response */,
				B26CE9A12724048600B1F89F /* Assets.xcassets */,
				B29F116927280A340090492F /* Colors.xcassets */,
				B26CE9A32724048600B1F89F /* LaunchScreen.storyboard */,
				B26CE9A62724048600B1F89F /* Info.plist */,
			);
			path = "Supporting Files";
			sourceTree = "<group>";
		};
		B26CE9B02724053E00B1F89F /* Network Layer */ = {
			isa = PBXGroup;
			children = (
				B26CE9B8272405C200B1F89F /* Response Decoder */,
				B26CE9B12724055300B1F89F /* WebService Engine */,
			);
			path = "Network Layer";
			sourceTree = "<group>";
		};
		B26CE9B12724055300B1F89F /* WebService Engine */ = {
			isa = PBXGroup;
			children = (
				B26CE9B22724057B00B1F89F /* WebServiceConfig.swift */,
				B26CE9B42724058B00B1F89F /* WebServiceConstants.swift */,
				B26CE9B62724059900B1F89F /* WebServiceHelper.swift */,
			);
			path = "WebService Engine";
			sourceTree = "<group>";
		};
		B26CE9B8272405C200B1F89F /* Response Decoder */ = {
			isa = PBXGroup;
			children = (
				B26CE9B9272405D900B1F89F /* JSONResponseDecoder.swift */,
			);
			path = "Response Decoder";
			sourceTree = "<group>";
		};
		B26CE9BB2724065700B1F89F /* Scenes */ = {
			isa = PBXGroup;
			children = (
				B26CE9BC2724066B00B1F89F /* Home Scene */,
				B26CE9BD2724067700B1F89F /* Menu Scene */,
				B26CE9BE2724068000B1F89F /* Cart Scene */,
			);
			path = Scenes;
			sourceTree = "<group>";
		};
		B26CE9BC2724066B00B1F89F /* Home Scene */ = {
			isa = PBXGroup;
			children = (
				B26CE9CD2724073F00B1F89F /* HomeSceneView.storyboard */,
				B26CE9DE272408CA00B1F89F /* HomeSceneViewController.swift */,
				B26CE9DF272408CA00B1F89F /* HomeSceneInteractor.swift */,
				B26CE9DB272408CA00B1F89F /* HomeScenePresenter.swift */,
				B26CE9DC272408CA00B1F89F /* HomeSceneWorker.swift */,
				B26CE9DD272408CA00B1F89F /* HomeSceneRouter.swift */,
				B26CE9E0272408CA00B1F89F /* HomeSceneModel.swift */,
			);
			path = "Home Scene";
			sourceTree = "<group>";
		};
		B26CE9BD2724067700B1F89F /* Menu Scene */ = {
			isa = PBXGroup;
			children = (
				B26CE9F32724091D00B1F89F /* MenuSceneView.storyboard */,
				B26CE9EA2724090A00B1F89F /* MenuSceneViewController.swift */,
				B26CE9EB2724090A00B1F89F /* MenuSceneInteractor.swift */,
				B26CE9E72724090A00B1F89F /* MenuScenePresenter.swift */,
				B26CE9E82724090A00B1F89F /* MenuSceneWorker.swift */,
				B26CE9E92724090A00B1F89F /* MenuSceneRouter.swift */,
				B2DBA6682727130E001D9EE5 /* MenuSceneModel.swift */,
			);
			path = "Menu Scene";
			sourceTree = "<group>";
		};
		B26CE9BE2724068000B1F89F /* Cart Scene */ = {
			isa = PBXGroup;
			children = (
				B2B6EA7E272572E300354833 /* CartSceneView.storyboard */,
				B2B6EA75272572C600354833 /* CartSceneViewController.swift */,
				B2B6EA76272572C600354833 /* CartSceneInteractor.swift */,
				B2B6EA72272572C600354833 /* CartScenePresenter.swift */,
			);
			path = "Cart Scene";
			sourceTree = "<group>";
		};
		B26CE9F52724093800B1F89F /* Mock Response */ = {
			isa = PBXGroup;
			children = (
				B26CE9F72724095800B1F89F /* menu.json */,
				B26CE9F62724095800B1F89F /* offers.json */,
			);
			path = "Mock Response";
			sourceTree = "<group>";
		};
		B26CE9FD27240A9500B1F89F /* Reusable Views */ = {
			isa = PBXGroup;
			children = (
				B2B6EA922725A08C00354833 /* Floating button */,
				B2B6EA85272578FD00354833 /* TotalPrice TableViewCell */,
				B2B6EA802725756700354833 /* CartItem TableViewCell */,
				B26CEA0A2724176E00B1F89F /* TableView CollectionViewCell */,
				B26CEA092724175700B1F89F /* Menu Item TableViewCell */,
				B26CE9FE2724122A00B1F89F /* ImageCollectionCell */,
			);
			path = "Reusable Views";
			sourceTree = "<group>";
		};
		B26CE9FE2724122A00B1F89F /* ImageCollectionCell */ = {
			isa = PBXGroup;
			children = (
				B26CE9FF2724125D00B1F89F /* ImageCollectionViewCell.swift */,
				B26CEA002724125D00B1F89F /* ImageCollectionViewCell.xib */,
			);
			path = ImageCollectionCell;
			sourceTree = "<group>";
		};
		B26CEA092724175700B1F89F /* Menu Item TableViewCell */ = {
			isa = PBXGroup;
			children = (
				B26CEA0B272417A100B1F89F /* MenuItemTableViewCell.swift */,
				B26CEA0C272417A100B1F89F /* MenuItemTableViewCell.xib */,
			);
			path = "Menu Item TableViewCell";
			sourceTree = "<group>";
		};
		B26CEA0A2724176E00B1F89F /* TableView CollectionViewCell */ = {
			isa = PBXGroup;
			children = (
				B26CEA0F272417BD00B1F89F /* TableViewCollectionViewCell.swift */,
				B26CEA10272417BD00B1F89F /* TableViewCollectionViewCell.xib */,
			);
			path = "TableView CollectionViewCell";
			sourceTree = "<group>";
		};
		B2B6EA802725756700354833 /* CartItem TableViewCell */ = {
			isa = PBXGroup;
			children = (
				B2B6EA812725758E00354833 /* CartItemTableViewCell.swift */,
				B2B6EA822725758E00354833 /* CartItemTableViewCell.xib */,
			);
			path = "CartItem TableViewCell";
			sourceTree = "<group>";
		};
		B2B6EA85272578FD00354833 /* TotalPrice TableViewCell */ = {
			isa = PBXGroup;
			children = (
				B2B6EA862725791C00354833 /* TotalPriceTableViewCell.swift */,
				B2B6EA872725791C00354833 /* TotalPriceTableViewCell.xib */,
			);
			path = "TotalPrice TableViewCell";
			sourceTree = "<group>";
		};
		B2B6EA922725A08C00354833 /* Floating button */ = {
			isa = PBXGroup;
			children = (
				B2B6EA932725A0A700354833 /* FloatingButton.swift */,
			);
			path = "Floating button";
			sourceTree = "<group>";
		};
		B2B6EA952725BA2B00354833 /* Models */ = {
			isa = PBXGroup;
			children = (
				B2B6EA982725CD4700354833 /* ImageOffer.swift */,
				B2B6EAA72725F3CB00354833 /* Menu.swift */,
			);
			path = Models;
			sourceTree = "<group>";
		};
		B2FCCD8B272477D6005FDF7F /* Extensions */ = {
			isa = PBXGroup;
			children = (
				B2FCCD8C272477EC005FDF7F /* UIControl+Extension.swift */,
				B29F116B27280A8E0090492F /* UIColor+Extension.swift */,
			);
			path = Extensions;
			sourceTree = "<group>";
		};
		F699E0C6E4A91ACFCE5B56A3 /* Pods */ = {
			isa = PBXGroup;
			children = (
				96780D45D43527DD2519F03D /* Pods-DeliveryApp.debug.xcconfig */,
				0D6529A513ED7065D919F168 /* Pods-DeliveryApp.release.xcconfig */,
			);
			path = Pods;
			sourceTree = "<group>";
		};
/* End PBXGroup section */

/* Begin PBXNativeTarget section */
		B26CE9942724048400B1F89F /* DeliveryApp */ = {
			isa = PBXNativeTarget;
			buildConfigurationList = B26CE9A92724048600B1F89F /* Build configuration list for PBXNativeTarget "DeliveryApp" */;
			buildPhases = (
				AF72E7334C8491C98AA60E3D /* [CP] Check Pods Manifest.lock */,
				B26CE9912724048400B1F89F /* Sources */,
				B26CE9922724048400B1F89F /* Frameworks */,
				B26CE9932724048400B1F89F /* Resources */,
				B8CE7CC91C7A927DFCD628F9 /* [CP] Embed Pods Frameworks */,
			);
			buildRules = (
			);
			dependencies = (
			);
			name = DeliveryApp;
			productName = DeliveryApp;
			productReference = B26CE9952724048400B1F89F /* DeliveryApp.app */;
			productType = "com.apple.product-type.application";
		};
/* End PBXNativeTarget section */

/* Begin PBXProject section */
		B26CE98D2724048400B1F89F /* Project object */ = {
			isa = PBXProject;
			attributes = {
				BuildIndependentTargetsInParallel = 1;
				LastSwiftUpdateCheck = 1300;
				LastUpgradeCheck = 1300;
				TargetAttributes = {
					B26CE9942724048400B1F89F = {
						CreatedOnToolsVersion = 13.0;
					};
				};
			};
			buildConfigurationList = B26CE9902724048400B1F89F /* Build configuration list for PBXProject "DeliveryApp" */;
			compatibilityVersion = "Xcode 13.0";
			developmentRegion = en;
			hasScannedForEncodings = 0;
			knownRegions = (
				en,
				Base,
			);
			mainGroup = B26CE98C2724048400B1F89F;
			productRefGroup = B26CE9962724048400B1F89F /* Products */;
			projectDirPath = "";
			projectRoot = "";
			targets = (
				B26CE9942724048400B1F89F /* DeliveryApp */,
			);
		};
/* End PBXProject section */

/* Begin PBXResourcesBuildPhase section */
		B26CE9932724048400B1F89F /* Resources */ = {
			isa = PBXResourcesBuildPhase;
			buildActionMask = 2147483647;
			files = (
				B26CE9F92724095800B1F89F /* menu.json in Resources */,
				B26CEA12272417BD00B1F89F /* TableViewCollectionViewCell.xib in Resources */,
				B29F116A27280A340090492F /* Colors.xcassets in Resources */,
				B2B6EA842725758E00354833 /* CartItemTableViewCell.xib in Resources */,
				B2B6EA7F272572E300354833 /* CartSceneView.storyboard in Resources */,
				B26CEA0E272417A100B1F89F /* MenuItemTableViewCell.xib in Resources */,
				B26CE9CE2724073F00B1F89F /* HomeSceneView.storyboard in Resources */,
				B26CE9F82724095800B1F89F /* offers.json in Resources */,
				B26CEA022724125D00B1F89F /* ImageCollectionViewCell.xib in Resources */,
				B26CE9F42724091E00B1F89F /* MenuSceneView.storyboard in Resources */,
				B26CE9A52724048600B1F89F /* LaunchScreen.storyboard in Resources */,
				B2B6EA892725791C00354833 /* TotalPriceTableViewCell.xib in Resources */,
				B26CE9A22724048600B1F89F /* Assets.xcassets in Resources */,
			);
			runOnlyForDeploymentPostprocessing = 0;
		};
/* End PBXResourcesBuildPhase section */

/* Begin PBXShellScriptBuildPhase section */
		AF72E7334C8491C98AA60E3D /* [CP] Check Pods Manifest.lock */ = {
			isa = PBXShellScriptBuildPhase;
			buildActionMask = 2147483647;
			files = (
			);
			inputFileListPaths = (
			);
			inputPaths = (
				"${PODS_PODFILE_DIR_PATH}/Podfile.lock",
				"${PODS_ROOT}/Manifest.lock",
			);
			name = "[CP] Check Pods Manifest.lock";
			outputFileListPaths = (
			);
			outputPaths = (
				"$(DERIVED_FILE_DIR)/Pods-DeliveryApp-checkManifestLockResult.txt",
			);
			runOnlyForDeploymentPostprocessing = 0;
			shellPath = /bin/sh;
			shellScript = "diff \"${PODS_PODFILE_DIR_PATH}/Podfile.lock\" \"${PODS_ROOT}/Manifest.lock\" > /dev/null\nif [ $? != 0 ] ; then\n    # print error to STDERR\n    echo \"error: The sandbox is not in sync with the Podfile.lock. Run 'pod install' or update your CocoaPods installation.\" >&2\n    exit 1\nfi\n# This output is used by Xcode 'outputs' to avoid re-running this script phase.\necho \"SUCCESS\" > \"${SCRIPT_OUTPUT_FILE_0}\"\n";
			showEnvVarsInLog = 0;
		};
		B8CE7CC91C7A927DFCD628F9 /* [CP] Embed Pods Frameworks */ = {
			isa = PBXShellScriptBuildPhase;
			buildActionMask = 2147483647;
			files = (
			);
			inputFileListPaths = (
				"${PODS_ROOT}/Target Support Files/Pods-DeliveryApp/Pods-DeliveryApp-frameworks-${CONFIGURATION}-input-files.xcfilelist",
			);
			name = "[CP] Embed Pods Frameworks";
			outputFileListPaths = (
				"${PODS_ROOT}/Target Support Files/Pods-DeliveryApp/Pods-DeliveryApp-frameworks-${CONFIGURATION}-output-files.xcfilelist",
			);
			runOnlyForDeploymentPostprocessing = 0;
			shellPath = /bin/sh;
			shellScript = "\"${PODS_ROOT}/Target Support Files/Pods-DeliveryApp/Pods-DeliveryApp-frameworks.sh\"\n";
			showEnvVarsInLog = 0;
		};
/* End PBXShellScriptBuildPhase section */

/* Begin PBXSourcesBuildPhase section */
		B26CE9912724048400B1F89F /* Sources */ = {
			isa = PBXSourcesBuildPhase;
			buildActionMask = 2147483647;
			files = (
				B26CE9B52724058B00B1F89F /* WebServiceConstants.swift in Sources */,
				B26CE9ED2724090A00B1F89F /* MenuScenePresenter.swift in Sources */,
				B26CE9F12724090A00B1F89F /* MenuSceneInteractor.swift in Sources */,
				B2DBA6692727130E001D9EE5 /* MenuSceneModel.swift in Sources */,
				B2B6EAA82725F3CB00354833 /* Menu.swift in Sources */,
				B2B6EA882725791C00354833 /* TotalPriceTableViewCell.swift in Sources */,
				B26CE9E2272408CA00B1F89F /* HomeSceneWorker.swift in Sources */,
				B26CE9EE2724090A00B1F89F /* MenuSceneWorker.swift in Sources */,
				B29F116C27280A8E0090492F /* UIColor+Extension.swift in Sources */,
				B26CE9E5272408CA00B1F89F /* HomeSceneInteractor.swift in Sources */,
				B2B6EA7B272572C600354833 /* CartSceneViewController.swift in Sources */,
				B26CE9B72724059900B1F89F /* WebServiceHelper.swift in Sources */,
				B26CE9E3272408CA00B1F89F /* HomeSceneRouter.swift in Sources */,
				B26CE9B32724057B00B1F89F /* WebServiceConfig.swift in Sources */,
				B26CE9992724048400B1F89F /* AppDelegate.swift in Sources */,
				B26CE9E6272408CA00B1F89F /* HomeSceneModel.swift in Sources */,
				B26CE9F02724090A00B1F89F /* MenuSceneViewController.swift in Sources */,
				B26CE9E4272408CA00B1F89F /* HomeSceneViewController.swift in Sources */,
				B26CE99B2724048400B1F89F /* SceneDelegate.swift in Sources */,
				B2B6EA78272572C600354833 /* CartScenePresenter.swift in Sources */,
				B26CE9E1272408CA00B1F89F /* HomeScenePresenter.swift in Sources */,
				B26CEA11272417BD00B1F89F /* TableViewCollectionViewCell.swift in Sources */,
				B2B6EA942725A0A700354833 /* FloatingButton.swift in Sources */,
				B26CE9BA272405D900B1F89F /* JSONResponseDecoder.swift in Sources */,
				B26CEA0D272417A100B1F89F /* MenuItemTableViewCell.swift in Sources */,
				B26CE9EF2724090A00B1F89F /* MenuSceneRouter.swift in Sources */,
				B2FCCD8D272477EC005FDF7F /* UIControl+Extension.swift in Sources */,
				B26CEA012724125D00B1F89F /* ImageCollectionViewCell.swift in Sources */,
				B2B6EA7C272572C600354833 /* CartSceneInteractor.swift in Sources */,
				B2B6EA992725CD4700354833 /* ImageOffer.swift in Sources */,
				B2B6EA832725758E00354833 /* CartItemTableViewCell.swift in Sources */,
			);
			runOnlyForDeploymentPostprocessing = 0;
		};
/* End PBXSourcesBuildPhase section */

/* Begin PBXVariantGroup section */
		B26CE9A32724048600B1F89F /* LaunchScreen.storyboard */ = {
			isa = PBXVariantGroup;
			children = (
				B26CE9A42724048600B1F89F /* Base */,
			);
			name = LaunchScreen.storyboard;
			sourceTree = "<group>";
		};
/* End PBXVariantGroup section */

/* Begin XCBuildConfiguration section */
		B26CE9A72724048600B1F89F /* Debug */ = {
			isa = XCBuildConfiguration;
			buildSettings = {
				ALWAYS_SEARCH_USER_PATHS = NO;
				CLANG_ANALYZER_NONNULL = YES;
				CLANG_ANALYZER_NUMBER_OBJECT_CONVERSION = YES_AGGRESSIVE;
				CLANG_CXX_LANGUAGE_STANDARD = "gnu++17";
				CLANG_CXX_LIBRARY = "libc++";
				CLANG_ENABLE_MODULES = YES;
				CLANG_ENABLE_OBJC_ARC = YES;
				CLANG_ENABLE_OBJC_WEAK = YES;
				CLANG_WARN_BLOCK_CAPTURE_AUTORELEASING = YES;
				CLANG_WARN_BOOL_CONVERSION = YES;
				CLANG_WARN_COMMA = YES;
				CLANG_WARN_CONSTANT_CONVERSION = YES;
				CLANG_WARN_DEPRECATED_OBJC_IMPLEMENTATIONS = YES;
				CLANG_WARN_DIRECT_OBJC_ISA_USAGE = YES_ERROR;
				CLANG_WARN_DOCUMENTATION_COMMENTS = YES;
				CLANG_WARN_EMPTY_BODY = YES;
				CLANG_WARN_ENUM_CONVERSION = YES;
				CLANG_WARN_INFINITE_RECURSION = YES;
				CLANG_WARN_INT_CONVERSION = YES;
				CLANG_WARN_NON_LITERAL_NULL_CONVERSION = YES;
				CLANG_WARN_OBJC_IMPLICIT_RETAIN_SELF = YES;
				CLANG_WARN_OBJC_LITERAL_CONVERSION = YES;
				CLANG_WARN_OBJC_ROOT_CLASS = YES_ERROR;
				CLANG_WARN_QUOTED_INCLUDE_IN_FRAMEWORK_HEADER = YES;
				CLANG_WARN_RANGE_LOOP_ANALYSIS = YES;
				CLANG_WARN_STRICT_PROTOTYPES = YES;
				CLANG_WARN_SUSPICIOUS_MOVE = YES;
				CLANG_WARN_UNGUARDED_AVAILABILITY = YES_AGGRESSIVE;
				CLANG_WARN_UNREACHABLE_CODE = YES;
				CLANG_WARN__DUPLICATE_METHOD_MATCH = YES;
				COPY_PHASE_STRIP = NO;
				DEBUG_INFORMATION_FORMAT = dwarf;
				ENABLE_STRICT_OBJC_MSGSEND = YES;
				ENABLE_TESTABILITY = YES;
				GCC_C_LANGUAGE_STANDARD = gnu11;
				GCC_DYNAMIC_NO_PIC = NO;
				GCC_NO_COMMON_BLOCKS = YES;
				GCC_OPTIMIZATION_LEVEL = 0;
				GCC_PREPROCESSOR_DEFINITIONS = (
					"DEBUG=1",
					"$(inherited)",
				);
				GCC_WARN_64_TO_32_BIT_CONVERSION = YES;
				GCC_WARN_ABOUT_RETURN_TYPE = YES_ERROR;
				GCC_WARN_UNDECLARED_SELECTOR = YES;
				GCC_WARN_UNINITIALIZED_AUTOS = YES_AGGRESSIVE;
				GCC_WARN_UNUSED_FUNCTION = YES;
				GCC_WARN_UNUSED_VARIABLE = YES;
				IPHONEOS_DEPLOYMENT_TARGET = 15.0;
				MTL_ENABLE_DEBUG_INFO = INCLUDE_SOURCE;
				MTL_FAST_MATH = YES;
				ONLY_ACTIVE_ARCH = YES;
				SDKROOT = iphoneos;
				SWIFT_ACTIVE_COMPILATION_CONDITIONS = DEBUG;
				SWIFT_OPTIMIZATION_LEVEL = "-Onone";
			};
			name = Debug;
		};
		B26CE9A82724048600B1F89F /* Release */ = {
			isa = XCBuildConfiguration;
			buildSettings = {
				ALWAYS_SEARCH_USER_PATHS = NO;
				CLANG_ANALYZER_NONNULL = YES;
				CLANG_ANALYZER_NUMBER_OBJECT_CONVERSION = YES_AGGRESSIVE;
				CLANG_CXX_LANGUAGE_STANDARD = "gnu++17";
				CLANG_CXX_LIBRARY = "libc++";
				CLANG_ENABLE_MODULES = YES;
				CLANG_ENABLE_OBJC_ARC = YES;
				CLANG_ENABLE_OBJC_WEAK = YES;
				CLANG_WARN_BLOCK_CAPTURE_AUTORELEASING = YES;
				CLANG_WARN_BOOL_CONVERSION = YES;
				CLANG_WARN_COMMA = YES;
				CLANG_WARN_CONSTANT_CONVERSION = YES;
				CLANG_WARN_DEPRECATED_OBJC_IMPLEMENTATIONS = YES;
				CLANG_WARN_DIRECT_OBJC_ISA_USAGE = YES_ERROR;
				CLANG_WARN_DOCUMENTATION_COMMENTS = YES;
				CLANG_WARN_EMPTY_BODY = YES;
				CLANG_WARN_ENUM_CONVERSION = YES;
				CLANG_WARN_INFINITE_RECURSION = YES;
				CLANG_WARN_INT_CONVERSION = YES;
				CLANG_WARN_NON_LITERAL_NULL_CONVERSION = YES;
				CLANG_WARN_OBJC_IMPLICIT_RETAIN_SELF = YES;
				CLANG_WARN_OBJC_LITERAL_CONVERSION = YES;
				CLANG_WARN_OBJC_ROOT_CLASS = YES_ERROR;
				CLANG_WARN_QUOTED_INCLUDE_IN_FRAMEWORK_HEADER = YES;
				CLANG_WARN_RANGE_LOOP_ANALYSIS = YES;
				CLANG_WARN_STRICT_PROTOTYPES = YES;
				CLANG_WARN_SUSPICIOUS_MOVE = YES;
				CLANG_WARN_UNGUARDED_AVAILABILITY = YES_AGGRESSIVE;
				CLANG_WARN_UNREACHABLE_CODE = YES;
				CLANG_WARN__DUPLICATE_METHOD_MATCH = YES;
				COPY_PHASE_STRIP = NO;
				DEBUG_INFORMATION_FORMAT = "dwarf-with-dsym";
				ENABLE_NS_ASSERTIONS = NO;
				ENABLE_STRICT_OBJC_MSGSEND = YES;
				GCC_C_LANGUAGE_STANDARD = gnu11;
				GCC_NO_COMMON_BLOCKS = YES;
				GCC_WARN_64_TO_32_BIT_CONVERSION = YES;
				GCC_WARN_ABOUT_RETURN_TYPE = YES_ERROR;
				GCC_WARN_UNDECLARED_SELECTOR = YES;
				GCC_WARN_UNINITIALIZED_AUTOS = YES_AGGRESSIVE;
				GCC_WARN_UNUSED_FUNCTION = YES;
				GCC_WARN_UNUSED_VARIABLE = YES;
				IPHONEOS_DEPLOYMENT_TARGET = 15.0;
				MTL_ENABLE_DEBUG_INFO = NO;
				MTL_FAST_MATH = YES;
				SDKROOT = iphoneos;
				SWIFT_COMPILATION_MODE = wholemodule;
				SWIFT_OPTIMIZATION_LEVEL = "-O";
				VALIDATE_PRODUCT = YES;
			};
			name = Release;
		};
		B26CE9AA2724048600B1F89F /* Debug */ = {
			isa = XCBuildConfiguration;
			baseConfigurationReference = 96780D45D43527DD2519F03D /* Pods-DeliveryApp.debug.xcconfig */;
			buildSettings = {
				ASSETCATALOG_COMPILER_APPICON_NAME = AppIcon;
				ASSETCATALOG_COMPILER_GLOBAL_ACCENT_COLOR_NAME = AccentColor;
				CODE_SIGN_STYLE = Automatic;
				CURRENT_PROJECT_VERSION = 1;
				GENERATE_INFOPLIST_FILE = YES;
				INFOPLIST_FILE = "DeliveryApp/Supporting Files/Info.plist";
				INFOPLIST_KEY_UIApplicationSupportsIndirectInputEvents = YES;
				INFOPLIST_KEY_UILaunchStoryboardName = LaunchScreen;
				INFOPLIST_KEY_UIMainStoryboardFile = HomeSceneView;
				INFOPLIST_KEY_UISupportedInterfaceOrientations_iPad = "UIInterfaceOrientationPortrait UIInterfaceOrientationPortraitUpsideDown UIInterfaceOrientationLandscapeLeft UIInterfaceOrientationLandscapeRight";
				INFOPLIST_KEY_UISupportedInterfaceOrientations_iPhone = "UIInterfaceOrientationPortrait UIInterfaceOrientationLandscapeLeft UIInterfaceOrientationLandscapeRight";
				IPHONEOS_DEPLOYMENT_TARGET = 13.0;
				LD_RUNPATH_SEARCH_PATHS = (
					"$(inherited)",
					"@executable_path/Frameworks",
				);
				MARKETING_VERSION = 1.0;
				PRODUCT_BUNDLE_IDENTIFIER = com.postsApp.DeliveryApp;
				PRODUCT_NAME = "$(TARGET_NAME)";
				SWIFT_EMIT_LOC_STRINGS = YES;
				SWIFT_VERSION = 5.0;
				TARGETED_DEVICE_FAMILY = 1;
			};
			name = Debug;
		};
		B26CE9AB2724048600B1F89F /* Release */ = {
			isa = XCBuildConfiguration;
			baseConfigurationReference = 0D6529A513ED7065D919F168 /* Pods-DeliveryApp.release.xcconfig */;
			buildSettings = {
				ASSETCATALOG_COMPILER_APPICON_NAME = AppIcon;
				ASSETCATALOG_COMPILER_GLOBAL_ACCENT_COLOR_NAME = AccentColor;
				CODE_SIGN_STYLE = Automatic;
				CURRENT_PROJECT_VERSION = 1;
				GENERATE_INFOPLIST_FILE = YES;
				INFOPLIST_FILE = "DeliveryApp/Supporting Files/Info.plist";
				INFOPLIST_KEY_UIApplicationSupportsIndirectInputEvents = YES;
				INFOPLIST_KEY_UILaunchStoryboardName = LaunchScreen;
				INFOPLIST_KEY_UIMainStoryboardFile = HomeSceneView;
				INFOPLIST_KEY_UISupportedInterfaceOrientations_iPad = "UIInterfaceOrientationPortrait UIInterfaceOrientationPortraitUpsideDown UIInterfaceOrientationLandscapeLeft UIInterfaceOrientationLandscapeRight";
				INFOPLIST_KEY_UISupportedInterfaceOrientations_iPhone = "UIInterfaceOrientationPortrait UIInterfaceOrientationLandscapeLeft UIInterfaceOrientationLandscapeRight";
				IPHONEOS_DEPLOYMENT_TARGET = 13.0;
				LD_RUNPATH_SEARCH_PATHS = (
					"$(inherited)",
					"@executable_path/Frameworks",
				);
				MARKETING_VERSION = 1.0;
				PRODUCT_BUNDLE_IDENTIFIER = com.postsApp.DeliveryApp;
				PRODUCT_NAME = "$(TARGET_NAME)";
				SWIFT_EMIT_LOC_STRINGS = YES;
				SWIFT_VERSION = 5.0;
				TARGETED_DEVICE_FAMILY = 1;
			};
			name = Release;
		};
/* End XCBuildConfiguration section */

/* Begin XCConfigurationList section */
		B26CE9902724048400B1F89F /* Build configuration list for PBXProject "DeliveryApp" */ = {
			isa = XCConfigurationList;
			buildConfigurations = (
				B26CE9A72724048600B1F89F /* Debug */,
				B26CE9A82724048600B1F89F /* Release */,
			);
			defaultConfigurationIsVisible = 0;
			defaultConfigurationName = Release;
		};
		B26CE9A92724048600B1F89F /* Build configuration list for PBXNativeTarget "DeliveryApp" */ = {
			isa = XCConfigurationList;
			buildConfigurations = (
				B26CE9AA2724048600B1F89F /* Debug */,
				B26CE9AB2724048600B1F89F /* Release */,
			);
			defaultConfigurationIsVisible = 0;
			defaultConfigurationName = Release;
		};
/* End XCConfigurationList section */
	};
	rootObject = B26CE98D2724048400B1F89F /* Project object */;
}
